
Microsoft Visual Studio Solution File, Format Version 12.00
# Visual Studio 15
VisualStudioVersion = 15.0.28010.2041
MinimumVisualStudioVersion = 10.0.40219.1
Project("{888888A0-9F3D-457C-B088-3A5042F75D52}") = "MovieQuizApp", "MovieQuizApp\MovieQuizApp.pyproj", "{FCA49746-6F09-4E19-80B7-8FF3602AB02E}"
EndProject
Global
	GlobalSection(SolutionConfigurationPlatforms) = preSolution
		Debug|Any CPU = Debug|Any CPU
		Release|Any CPU = Release|Any CPU
	EndGlobalSection
	GlobalSection(ProjectConfigurationPlatforms) = postSolution
		{FCA49746-6F09-4E19-80B7-8FF3602AB02E}.Debug|Any CPU.ActiveCfg = Debug|Any CPU
		{FCA49746-6F09-4E19-80B7-8FF3602AB02E}.Debug|Any CPU.Build.0 = Debug|Any CPU
		{FCA49746-6F09-4E19-80B7-8FF3602AB02E}.Release|Any CPU.ActiveCfg = Release|Any CPU
		{FCA49746-6F09-4E19-80B7-8FF3602AB02E}.Release|Any CPU.Build.0 = Release|Any CPU
	EndGlobalSection
	GlobalSection(SolutionProperties) = preSolution
		HideSolutionNode = FALSE
	EndGlobalSection
	GlobalSection(ExtensibilityGlobals) = postSolution
		SolutionGuid = {B76C671C-44F1-4A74-BCCC-0121E3511040}
	EndGlobalSection
EndGlobal
